{
  "name": "testing",
  "version": "1.0.0",
  "lockfileVersion": 3,
  "requires": true,
  "packages": {
    "": {
      "name": "testing",
      "version": "1.0.0",
      "license": "ISC",
      "dependencies": {
        "@shankar-b/my-test-package": "^1.0.0"
      }
    },
    "node_modules/@shankar-b/my-test-package": {
      "version": "1.0.0",
      "resolved": "https://registry.npmjs.org/@shankar-b/my-test-package/-/my-test-package-1.0.0.tgz",
      "integrity": "sha512-lDV/M2Z8ASqnVYEIONWalaD/IGb5gSIuEs0dqSzJNWEd6/FBqUnOauKALs2IlPQ0iSMB2XQD0n+UYq3ojNH5mA=="
    }
  }
}
